
Microsoft Visual Studio Solution File, Format Version 12.00
# Visual Studio Version 17
VisualStudioVersion = 17.11.35222.181
MinimumVisualStudioVersion = 10.0.40219.1
Project("{FAE04EC0-301F-11D3-BF4B-00C04F79EFBC}") = "DataStructures", "DataStructures\DataStructures.csproj", "{F19FE38C-05DE-436C-AEDA-F0432B15C51F}"
EndProject
Global
	GlobalSection(SolutionConfigurationPlatforms) = preSolution
		Debug|Any CPU = Debug|Any CPU
		Release|Any CPU = Release|Any CPU
	EndGlobalSection
	GlobalSection(ProjectConfigurationPlatforms) = postSolution
		{F19FE38C-05DE-436C-AEDA-F0432B15C51F}.Debug|Any CPU.ActiveCfg = Debug|Any CPU
		{F19FE38C-05DE-436C-AEDA-F0432B15C51F}.Debug|Any CPU.Build.0 = Debug|Any CPU
		{F19FE38C-05DE-436C-AEDA-F0432B15C51F}.Release|Any CPU.ActiveCfg = Release|Any CPU
		{F19FE38C-05DE-436C-AEDA-F0432B15C51F}.Release|Any CPU.Build.0 = Release|Any CPU
	EndGlobalSection
	GlobalSection(SolutionProperties) = preSolution
		HideSolutionNode = FALSE
	EndGlobalSection
	GlobalSection(ExtensibilityGlobals) = postSolution
		SolutionGuid = {41AB1468-B690-4037-B7CA-8193A0784853}
	EndGlobalSection
EndGlobal
